
Microsoft Visual Studio Solution File, Format Version 12.00
# Visual Studio Version 16
VisualStudioVersion = 16.0.31702.278
MinimumVisualStudioVersion = 10.0.40219.1
Project("{8BC9CEB8-8B4A-11D0-8D11-00A0C91BC942}") = "Lab2", "Lab2\Lab2.vcxproj", "{3AB07780-F8A8-4B7D-84D2-6D30E130E763}"
EndProject
Global
	GlobalSection(SolutionConfigurationPlatforms) = preSolution
		Debug|x64 = Debug|x64
		Debug|x86 = Debug|x86
		Release|x64 = Release|x64
		Release|x86 = Release|x86
	EndGlobalSection
	GlobalSection(ProjectConfigurationPlatforms) = postSolution
		{3AB07780-F8A8-4B7D-84D2-6D30E130E763}.Debug|x64.ActiveCfg = Debug|x64
		{3AB07780-F8A8-4B7D-84D2-6D30E130E763}.Debug|x64.Build.0 = Debug|x64
		{3AB07780-F8A8-4B7D-84D2-6D30E130E763}.Debug|x86.ActiveCfg = Debug|Win32
		{3AB07780-F8A8-4B7D-84D2-6D30E130E763}.Debug|x86.Build.0 = Debug|Win32
		{3AB07780-F8A8-4B7D-84D2-6D30E130E763}.Release|x64.ActiveCfg = Release|x64
		{3AB07780-F8A8-4B7D-84D2-6D30E130E763}.Release|x64.Build.0 = Release|x64
		{3AB07780-F8A8-4B7D-84D2-6D30E130E763}.Release|x86.ActiveCfg = Release|Win32
		{3AB07780-F8A8-4B7D-84D2-6D30E130E763}.Release|x86.Build.0 = Release|Win32
	EndGlobalSection
	GlobalSection(SolutionProperties) = preSolution
		HideSolutionNode = FALSE
	EndGlobalSection
	GlobalSection(ExtensibilityGlobals) = postSolution
		SolutionGuid = {9489886C-FC2F-4C4D-A95D-552565DBB57B}
	EndGlobalSection
EndGlobal
